
Microsoft Visual Studio Solution File, Format Version 12.00
# Visual Studio Version 16
VisualStudioVersion = 16.0.32106.194
MinimumVisualStudioVersion = 10.0.40219.1
Project("{FAE04EC0-301F-11D3-BF4B-00C04F79EFBC}") = "Skill_CodeFirstEntity", "Skill_CodeFirstEntity.csproj", "{C17F5264-C959-4270-B222-7E4CD54EAC26}"
EndProject
Global
	GlobalSection(SolutionConfigurationPlatforms) = preSolution
		Debug|Any CPU = Debug|Any CPU
		Release|Any CPU = Release|Any CPU
	EndGlobalSection
	GlobalSection(ProjectConfigurationPlatforms) = postSolution
		{C17F5264-C959-4270-B222-7E4CD54EAC26}.Debug|Any CPU.ActiveCfg = Debug|Any CPU
		{C17F5264-C959-4270-B222-7E4CD54EAC26}.Debug|Any CPU.Build.0 = Debug|Any CPU
		{C17F5264-C959-4270-B222-7E4CD54EAC26}.Release|Any CPU.ActiveCfg = Release|Any CPU
		{C17F5264-C959-4270-B222-7E4CD54EAC26}.Release|Any CPU.Build.0 = Release|Any CPU
	EndGlobalSection
	GlobalSection(SolutionProperties) = preSolution
		HideSolutionNode = FALSE
	EndGlobalSection
	GlobalSection(ExtensibilityGlobals) = postSolution
		SolutionGuid = {5785E429-2376-4953-A873-FC21C7D1E10B}
	EndGlobalSection
EndGlobal
